
Microsoft Visual Studio Solution File, Format Version 12.00
# Visual Studio 15
VisualStudioVersion = 15.0.26730.12
MinimumVisualStudioVersion = 10.0.40219.1
Project("{FAE04EC0-301F-11D3-BF4B-00C04F79EFBC}") = "VBVISWA19jan", "VBVISWA19jan\VBVISWA19jan.csproj", "{27F15ABD-BAB0-47D0-81B1-98ADCD21566D}"
EndProject
Global
	GlobalSection(SolutionConfigurationPlatforms) = preSolution
		Debug|Any CPU = Debug|Any CPU
		Release|Any CPU = Release|Any CPU
	EndGlobalSection
	GlobalSection(ProjectConfigurationPlatforms) = postSolution
		{27F15ABD-BAB0-47D0-81B1-98ADCD21566D}.Debug|Any CPU.ActiveCfg = Debug|Any CPU
		{27F15ABD-BAB0-47D0-81B1-98ADCD21566D}.Debug|Any CPU.Build.0 = Debug|Any CPU
		{27F15ABD-BAB0-47D0-81B1-98ADCD21566D}.Release|Any CPU.ActiveCfg = Release|Any CPU
		{27F15ABD-BAB0-47D0-81B1-98ADCD21566D}.Release|Any CPU.Build.0 = Release|Any CPU
	EndGlobalSection
	GlobalSection(SolutionProperties) = preSolution
		HideSolutionNode = FALSE
	EndGlobalSection
	GlobalSection(ExtensibilityGlobals) = postSolution
		SolutionGuid = {42FB1C11-0D61-47B0-8F3C-C2AABC1F9BA6}
	EndGlobalSection
EndGlobal
